
Microsoft Visual Studio Solution File, Format Version 12.00
# Visual Studio 14
VisualStudioVersion = 14.0.25420.1
MinimumVisualStudioVersion = 10.0.40219.1
Project("{8BC9CEB8-8B4A-11D0-8D11-00A0C91BC942}") = "pdfras_writer", "pdfras_writer\pdfras_writer.vcxproj", "{F96F701B-73F9-4BAB-BA84-CEFF8A112289}"
	ProjectSection(ProjectDependencies) = postProject
		{AD5F3A73-01AD-43E9-AE82-427840AE23A2} = {AD5F3A73-01AD-43E9-AE82-427840AE23A2}
	EndProjectSection
EndProject
Project("{8BC9CEB8-8B4A-11D0-8D11-00A0C91BC942}") = "pdfras_reader", "pdfras_reader\pdfras_reader.vcxproj", "{C06A94CA-439B-4C91-9FA3-F9C2E3487473}"
EndProject
Project("{8BC9CEB8-8B4A-11D0-8D11-00A0C91BC942}") = "xxd", "xxd\xxd.vcxproj", "{B35FE1C3-D922-41BF-BB0B-25AA4E913060}"
EndProject
Project("{8BC9CEB8-8B4A-11D0-8D11-00A0C91BC942}") = "demo_low_level", "demo_low_level\demo_low_level.vcxproj", "{C74CA555-AE5D-4057-B94B-2D13BB8CA27E}"
	ProjectSection(ProjectDependencies) = postProject
		{F96F701B-73F9-4BAB-BA84-CEFF8A112289} = {F96F701B-73F9-4BAB-BA84-CEFF8A112289}
	EndProjectSection
EndProject
Project("{8BC9CEB8-8B4A-11D0-8D11-00A0C91BC942}") = "demo_raster_encoder", "demo_raster_encoder\demo_raster_encoder.vcxproj", "{E0066E3C-24A0-43C4-8094-CCC7DA1AD602}"
	ProjectSection(ProjectDependencies) = postProject
		{F96F701B-73F9-4BAB-BA84-CEFF8A112289} = {F96F701B-73F9-4BAB-BA84-CEFF8A112289}
		{B35FE1C3-D922-41BF-BB0B-25AA4E913060} = {B35FE1C3-D922-41BF-BB0B-25AA4E913060}
	EndProjectSection
EndProject
Project("{8BC9CEB8-8B4A-11D0-8D11-00A0C91BC942}") = "icc_profile", "icc_profile\icc_profile.vcxproj", "{AD5F3A73-01AD-43E9-AE82-427840AE23A2}"
EndProject
Project("{8BC9CEB8-8B4A-11D0-8D11-00A0C91BC942}") = "pdfras_writer_tests", "pdfras_writer_tests\pdfras_writer_tests.vcxproj", "{F49BB4CB-E418-45AF-918D-2BFABC51837E}"
	ProjectSection(ProjectDependencies) = postProject
		{F96F701B-73F9-4BAB-BA84-CEFF8A112289} = {F96F701B-73F9-4BAB-BA84-CEFF8A112289}
	EndProjectSection
EndProject
Project("{8BC9CEB8-8B4A-11D0-8D11-00A0C91BC942}") = "pdfras_writer_managed", "pdfras_writer_managed\pdfras_writer_managed.vcxproj", "{943AD428-4D74-49AA-807C-36D854FA7723}"
EndProject
Project("{8BC9CEB8-8B4A-11D0-8D11-00A0C91BC942}") = "pdfras_reader_tests", "pdfras_reader_tests\pdfras_reader_tests.vcxproj", "{34032D75-96A8-43EE-ADBF-F2B68AA4218D}"
	ProjectSection(ProjectDependencies) = postProject
		{C06A94CA-439B-4C91-9FA3-F9C2E3487473} = {C06A94CA-439B-4C91-9FA3-F9C2E3487473}
	EndProjectSection
EndProject
Project("{8BC9CEB8-8B4A-11D0-8D11-00A0C91BC942}") = "security_sample", "security_sample\security_sample.vcxproj", "{C4F273F5-8197-4CDF-9DE5-5CCE9986A3F4}"
EndProject
Global
	GlobalSection(SolutionConfigurationPlatforms) = preSolution
		Debug|Any CPU = Debug|Any CPU
		Debug|Win32 = Debug|Win32
		Debug|x64 = Debug|x64
		Release|Any CPU = Release|Any CPU
		Release|Win32 = Release|Win32
		Release|x64 = Release|x64
	EndGlobalSection
	GlobalSection(ProjectConfigurationPlatforms) = postSolution
		{F96F701B-73F9-4BAB-BA84-CEFF8A112289}.Debug|Any CPU.ActiveCfg = Debug|Win32
		{F96F701B-73F9-4BAB-BA84-CEFF8A112289}.Debug|Win32.ActiveCfg = Debug|Win32
		{F96F701B-73F9-4BAB-BA84-CEFF8A112289}.Debug|Win32.Build.0 = Debug|Win32
		{F96F701B-73F9-4BAB-BA84-CEFF8A112289}.Debug|x64.ActiveCfg = Debug|Win32
		{F96F701B-73F9-4BAB-BA84-CEFF8A112289}.Release|Any CPU.ActiveCfg = Release|Win32
		{F96F701B-73F9-4BAB-BA84-CEFF8A112289}.Release|Win32.ActiveCfg = Release|Win32
		{F96F701B-73F9-4BAB-BA84-CEFF8A112289}.Release|Win32.Build.0 = Release|Win32
		{F96F701B-73F9-4BAB-BA84-CEFF8A112289}.Release|x64.ActiveCfg = Release|Win32
		{C06A94CA-439B-4C91-9FA3-F9C2E3487473}.Debug|Any CPU.ActiveCfg = Debug|Win32
		{C06A94CA-439B-4C91-9FA3-F9C2E3487473}.Debug|Win32.ActiveCfg = Debug|Win32
		{C06A94CA-439B-4C91-9FA3-F9C2E3487473}.Debug|Win32.Build.0 = Debug|Win32
		{C06A94CA-439B-4C91-9FA3-F9C2E3487473}.Debug|x64.ActiveCfg = Debug|Win32
		{C06A94CA-439B-4C91-9FA3-F9C2E3487473}.Release|Any CPU.ActiveCfg = Release|Win32
		{C06A94CA-439B-4C91-9FA3-F9C2E3487473}.Release|Win32.ActiveCfg = Release|Win32
		{C06A94CA-439B-4C91-9FA3-F9C2E3487473}.Release|Win32.Build.0 = Release|Win32
		{C06A94CA-439B-4C91-9FA3-F9C2E3487473}.Release|x64.ActiveCfg = Release|Win32
		{B35FE1C3-D922-41BF-BB0B-25AA4E913060}.Debug|Any CPU.ActiveCfg = Debug|Win32
		{B35FE1C3-D922-41BF-BB0B-25AA4E913060}.Debug|Win32.ActiveCfg = Debug|Win32
		{B35FE1C3-D922-41BF-BB0B-25AA4E913060}.Debug|Win32.Build.0 = Debug|Win32
		{B35FE1C3-D922-41BF-BB0B-25AA4E913060}.Debug|x64.ActiveCfg = Debug|Win32
		{B35FE1C3-D922-41BF-BB0B-25AA4E913060}.Release|Any CPU.ActiveCfg = Release|Win32
		{B35FE1C3-D922-41BF-BB0B-25AA4E913060}.Release|Win32.ActiveCfg = Release|Win32
		{B35FE1C3-D922-41BF-BB0B-25AA4E913060}.Release|Win32.Build.0 = Release|Win32
		{B35FE1C3-D922-41BF-BB0B-25AA4E913060}.Release|x64.ActiveCfg = Release|Win32
		{C74CA555-AE5D-4057-B94B-2D13BB8CA27E}.Debug|Any CPU.ActiveCfg = Debug|Win32
		{C74CA555-AE5D-4057-B94B-2D13BB8CA27E}.Debug|Win32.ActiveCfg = Debug|Win32
		{C74CA555-AE5D-4057-B94B-2D13BB8CA27E}.Debug|Win32.Build.0 = Debug|Win32
		{C74CA555-AE5D-4057-B94B-2D13BB8CA27E}.Debug|x64.ActiveCfg = Debug|Win32
		{C74CA555-AE5D-4057-B94B-2D13BB8CA27E}.Release|Any CPU.ActiveCfg = Release|Win32
		{C74CA555-AE5D-4057-B94B-2D13BB8CA27E}.Release|Win32.ActiveCfg = Release|Win32
		{C74CA555-AE5D-4057-B94B-2D13BB8CA27E}.Release|Win32.Build.0 = Release|Win32
		{C74CA555-AE5D-4057-B94B-2D13BB8CA27E}.Release|x64.ActiveCfg = Release|Win32
		{E0066E3C-24A0-43C4-8094-CCC7DA1AD602}.Debug|Any CPU.ActiveCfg = Debug|Win32
		{E0066E3C-24A0-43C4-8094-CCC7DA1AD602}.Debug|Win32.ActiveCfg = Debug|Win32
		{E0066E3C-24A0-43C4-8094-CCC7DA1AD602}.Debug|Win32.Build.0 = Debug|Win32
		{E0066E3C-24A0-43C4-8094-CCC7DA1AD602}.Debug|x64.ActiveCfg = Debug|Win32
		{E0066E3C-24A0-43C4-8094-CCC7DA1AD602}.Release|Any CPU.ActiveCfg = Release|Win32
		{E0066E3C-24A0-43C4-8094-CCC7DA1AD602}.Release|Win32.ActiveCfg = Release|Win32
		{E0066E3C-24A0-43C4-8094-CCC7DA1AD602}.Release|Win32.Build.0 = Release|Win32
		{E0066E3C-24A0-43C4-8094-CCC7DA1AD602}.Release|x64.ActiveCfg = Release|Win32
		{AD5F3A73-01AD-43E9-AE82-427840AE23A2}.Debug|Any CPU.ActiveCfg = Debug|Win32
		{AD5F3A73-01AD-43E9-AE82-427840AE23A2}.Debug|Win32.ActiveCfg = Debug|Win32
		{AD5F3A73-01AD-43E9-AE82-427840AE23A2}.Debug|Win32.Build.0 = Debug|Win32
		{AD5F3A73-01AD-43E9-AE82-427840AE23A2}.Debug|x64.ActiveCfg = Debug|Win32
		{AD5F3A73-01AD-43E9-AE82-427840AE23A2}.Release|Any CPU.ActiveCfg = Release|Win32
		{AD5F3A73-01AD-43E9-AE82-427840AE23A2}.Release|Win32.ActiveCfg = Release|Win32
		{AD5F3A73-01AD-43E9-AE82-427840AE23A2}.Release|Win32.Build.0 = Release|Win32
		{AD5F3A73-01AD-43E9-AE82-427840AE23A2}.Release|x64.ActiveCfg = Release|Win32
		{F49BB4CB-E418-45AF-918D-2BFABC51837E}.Debug|Any CPU.ActiveCfg = Debug|Win32
		{F49BB4CB-E418-45AF-918D-2BFABC51837E}.Debug|Win32.ActiveCfg = Debug|Win32
		{F49BB4CB-E418-45AF-918D-2BFABC51837E}.Debug|Win32.Build.0 = Debug|Win32
		{F49BB4CB-E418-45AF-918D-2BFABC51837E}.Debug|x64.ActiveCfg = Debug|Win32
		{F49BB4CB-E418-45AF-918D-2BFABC51837E}.Release|Any CPU.ActiveCfg = Release|Win32
		{F49BB4CB-E418-45AF-918D-2BFABC51837E}.Release|Win32.ActiveCfg = Release|Win32
		{F49BB4CB-E418-45AF-918D-2BFABC51837E}.Release|Win32.Build.0 = Release|Win32
		{F49BB4CB-E418-45AF-918D-2BFABC51837E}.Release|x64.ActiveCfg = Release|Win32
		{943AD428-4D74-49AA-807C-36D854FA7723}.Debug|Any CPU.ActiveCfg = Debug|Win32
		{943AD428-4D74-49AA-807C-36D854FA7723}.Debug|Win32.ActiveCfg = Debug|Win32
		{943AD428-4D74-49AA-807C-36D854FA7723}.Debug|Win32.Build.0 = Debug|Win32
		{943AD428-4D74-49AA-807C-36D854FA7723}.Debug|x64.ActiveCfg = Debug|x64
		{943AD428-4D74-49AA-807C-36D854FA7723}.Debug|x64.Build.0 = Debug|x64
		{943AD428-4D74-49AA-807C-36D854FA7723}.Release|Any CPU.ActiveCfg = Release|Win32
		{943AD428-4D74-49AA-807C-36D854FA7723}.Release|Win32.ActiveCfg = Release|Win32
		{943AD428-4D74-49AA-807C-36D854FA7723}.Release|Win32.Build.0 = Release|Win32
		{943AD428-4D74-49AA-807C-36D854FA7723}.Release|x64.ActiveCfg = Release|x64
		{943AD428-4D74-49AA-807C-36D854FA7723}.Release|x64.Build.0 = Release|x64
		{34032D75-96A8-43EE-ADBF-F2B68AA4218D}.Debug|Any CPU.ActiveCfg = Debug|Win32
		{34032D75-96A8-43EE-ADBF-F2B68AA4218D}.Debug|Win32.ActiveCfg = Debug|Win32
		{34032D75-96A8-43EE-ADBF-F2B68AA4218D}.Debug|Win32.Build.0 = Debug|Win32
		{34032D75-96A8-43EE-ADBF-F2B68AA4218D}.Debug|x64.ActiveCfg = Debug|Win32
		{34032D75-96A8-43EE-ADBF-F2B68AA4218D}.Release|Any CPU.ActiveCfg = Release|Win32
		{34032D75-96A8-43EE-ADBF-F2B68AA4218D}.Release|Win32.ActiveCfg = Release|Win32
		{34032D75-96A8-43EE-ADBF-F2B68AA4218D}.Release|Win32.Build.0 = Release|Win32
		{34032D75-96A8-43EE-ADBF-F2B68AA4218D}.Release|x64.ActiveCfg = Release|Win32
		{C4F273F5-8197-4CDF-9DE5-5CCE9986A3F4}.Debug|Any CPU.ActiveCfg = Debug|Win32
		{C4F273F5-8197-4CDF-9DE5-5CCE9986A3F4}.Debug|Win32.ActiveCfg = Debug|Win32
		{C4F273F5-8197-4CDF-9DE5-5CCE9986A3F4}.Debug|Win32.Build.0 = Debug|Win32
		{C4F273F5-8197-4CDF-9DE5-5CCE9986A3F4}.Debug|x64.ActiveCfg = Debug|x64
		{C4F273F5-8197-4CDF-9DE5-5CCE9986A3F4}.Debug|x64.Build.0 = Debug|x64
		{C4F273F5-8197-4CDF-9DE5-5CCE9986A3F4}.Release|Any CPU.ActiveCfg = Release|Win32
		{C4F273F5-8197-4CDF-9DE5-5CCE9986A3F4}.Release|Win32.ActiveCfg = Release|Win32
		{C4F273F5-8197-4CDF-9DE5-5CCE9986A3F4}.Release|Win32.Build.0 = Release|Win32
		{C4F273F5-8197-4CDF-9DE5-5CCE9986A3F4}.Release|x64.ActiveCfg = Release|x64
		{C4F273F5-8197-4CDF-9DE5-5CCE9986A3F4}.Release|x64.Build.0 = Release|x64
	EndGlobalSection
	GlobalSection(SolutionProperties) = preSolution
		HideSolutionNode = FALSE
	EndGlobalSection
EndGlobal
