
Microsoft Visual Studio Solution File, Format Version 12.00
# Visual Studio 2013
VisualStudioVersion = 12.0.31101.0
MinimumVisualStudioVersion = 10.0.40219.1
Project("{8BC9CEB8-8B4A-11D0-8D11-00A0C91BC942}") = "pdfras_writer", "pdfras_writer\pdfras_writer.vcxproj", "{F96F701B-73F9-4BAB-BA84-CEFF8A112289}"
EndProject
Project("{8BC9CEB8-8B4A-11D0-8D11-00A0C91BC942}") = "pdfras_reader", "pdfras_reader\pdfras_reader.vcxproj", "{C06A94CA-439B-4C91-9FA3-F9C2E3487473}"
EndProject
Project("{8BC9CEB8-8B4A-11D0-8D11-00A0C91BC942}") = "reader_test", "reader_test\reader_test.vcxproj", "{34032D75-96A8-43EE-ADBF-F2B68AA4218D}"
	ProjectSection(ProjectDependencies) = postProject
		{C06A94CA-439B-4C91-9FA3-F9C2E3487473} = {C06A94CA-439B-4C91-9FA3-F9C2E3487473}
	EndProjectSection
EndProject
Project("{8BC9CEB8-8B4A-11D0-8D11-00A0C91BC942}") = "xxd", "xxd\xxd.vcxproj", "{B35FE1C3-D922-41BF-BB0B-25AA4E913060}"
EndProject
Project("{8BC9CEB8-8B4A-11D0-8D11-00A0C91BC942}") = "demo_low_level", "demo_low_level\demo_low_level.vcxproj", "{C74CA555-AE5D-4057-B94B-2D13BB8CA27E}"
	ProjectSection(ProjectDependencies) = postProject
		{F96F701B-73F9-4BAB-BA84-CEFF8A112289} = {F96F701B-73F9-4BAB-BA84-CEFF8A112289}
	EndProjectSection
EndProject
Project("{8BC9CEB8-8B4A-11D0-8D11-00A0C91BC942}") = "demo_raster_encoder", "demo_raster_encoder\demo_raster_encoder.vcxproj", "{E0066E3C-24A0-43C4-8094-CCC7DA1AD602}"
	ProjectSection(ProjectDependencies) = postProject
		{F96F701B-73F9-4BAB-BA84-CEFF8A112289} = {F96F701B-73F9-4BAB-BA84-CEFF8A112289}
	EndProjectSection
EndProject
Project("{8BC9CEB8-8B4A-11D0-8D11-00A0C91BC942}") = "icc_profile", "icc_profile\icc_profile.vcxproj", "{AD5F3A73-01AD-43E9-AE82-427840AE23A2}"
EndProject
Global
	GlobalSection(SolutionConfigurationPlatforms) = preSolution
		Debug|Win32 = Debug|Win32
		Release|Win32 = Release|Win32
	EndGlobalSection
	GlobalSection(ProjectConfigurationPlatforms) = postSolution
		{F96F701B-73F9-4BAB-BA84-CEFF8A112289}.Debug|Win32.ActiveCfg = Debug|Win32
		{F96F701B-73F9-4BAB-BA84-CEFF8A112289}.Debug|Win32.Build.0 = Debug|Win32
		{F96F701B-73F9-4BAB-BA84-CEFF8A112289}.Release|Win32.ActiveCfg = Release|Win32
		{F96F701B-73F9-4BAB-BA84-CEFF8A112289}.Release|Win32.Build.0 = Release|Win32
		{C06A94CA-439B-4C91-9FA3-F9C2E3487473}.Debug|Win32.ActiveCfg = Debug|Win32
		{C06A94CA-439B-4C91-9FA3-F9C2E3487473}.Debug|Win32.Build.0 = Debug|Win32
		{C06A94CA-439B-4C91-9FA3-F9C2E3487473}.Release|Win32.ActiveCfg = Release|Win32
		{C06A94CA-439B-4C91-9FA3-F9C2E3487473}.Release|Win32.Build.0 = Release|Win32
		{34032D75-96A8-43EE-ADBF-F2B68AA4218D}.Debug|Win32.ActiveCfg = Debug|Win32
		{34032D75-96A8-43EE-ADBF-F2B68AA4218D}.Debug|Win32.Build.0 = Debug|Win32
		{34032D75-96A8-43EE-ADBF-F2B68AA4218D}.Release|Win32.ActiveCfg = Release|Win32
		{34032D75-96A8-43EE-ADBF-F2B68AA4218D}.Release|Win32.Build.0 = Release|Win32
		{B35FE1C3-D922-41BF-BB0B-25AA4E913060}.Debug|Win32.ActiveCfg = Debug|Win32
		{B35FE1C3-D922-41BF-BB0B-25AA4E913060}.Debug|Win32.Build.0 = Debug|Win32
		{B35FE1C3-D922-41BF-BB0B-25AA4E913060}.Release|Win32.ActiveCfg = Release|Win32
		{B35FE1C3-D922-41BF-BB0B-25AA4E913060}.Release|Win32.Build.0 = Release|Win32
		{C74CA555-AE5D-4057-B94B-2D13BB8CA27E}.Debug|Win32.ActiveCfg = Debug|Win32
		{C74CA555-AE5D-4057-B94B-2D13BB8CA27E}.Debug|Win32.Build.0 = Debug|Win32
		{C74CA555-AE5D-4057-B94B-2D13BB8CA27E}.Release|Win32.ActiveCfg = Release|Win32
		{C74CA555-AE5D-4057-B94B-2D13BB8CA27E}.Release|Win32.Build.0 = Release|Win32
		{E0066E3C-24A0-43C4-8094-CCC7DA1AD602}.Debug|Win32.ActiveCfg = Debug|Win32
		{E0066E3C-24A0-43C4-8094-CCC7DA1AD602}.Debug|Win32.Build.0 = Debug|Win32
		{E0066E3C-24A0-43C4-8094-CCC7DA1AD602}.Release|Win32.ActiveCfg = Release|Win32
		{E0066E3C-24A0-43C4-8094-CCC7DA1AD602}.Release|Win32.Build.0 = Release|Win32
		{AD5F3A73-01AD-43E9-AE82-427840AE23A2}.Debug|Win32.ActiveCfg = Debug|Win32
		{AD5F3A73-01AD-43E9-AE82-427840AE23A2}.Debug|Win32.Build.0 = Debug|Win32
		{AD5F3A73-01AD-43E9-AE82-427840AE23A2}.Release|Win32.ActiveCfg = Release|Win32
		{AD5F3A73-01AD-43E9-AE82-427840AE23A2}.Release|Win32.Build.0 = Release|Win32
	EndGlobalSection
	GlobalSection(SolutionProperties) = preSolution
		HideSolutionNode = FALSE
	EndGlobalSection
EndGlobal
